
Microsoft Visual Studio Solution File, Format Version 12.00
# Visual Studio 15
VisualStudioVersion = 15.0.28307.1300
MinimumVisualStudioVersion = 10.0.40219.1
Project("{E24C65DC-7377-472B-9ABA-BC803B73C61A}") = "ChromebookApp", "ChromebookApp\", "{2B1431CC-A1D8-4E83-B223-736863620A28}"
	ProjectSection(WebsiteProperties) = preProject
		TargetFrameworkMoniker = ".NETFramework,Version%3Dv4.6.1"
		Debug.AspNetCompiler.VirtualPath = "/localhost_63185"
		Debug.AspNetCompiler.PhysicalPath = "ChromebookApp\"
		Debug.AspNetCompiler.TargetPath = "PrecompiledWeb\localhost_63185\"
		Debug.AspNetCompiler.Updateable = "true"
		Debug.AspNetCompiler.ForceOverwrite = "true"
		Debug.AspNetCompiler.FixedNames = "false"
		Debug.AspNetCompiler.Debug = "True"
		Release.AspNetCompiler.VirtualPath = "/localhost_63185"
		Release.AspNetCompiler.PhysicalPath = "ChromebookApp\"
		Release.AspNetCompiler.TargetPath = "PrecompiledWeb\localhost_63185\"
		Release.AspNetCompiler.Updateable = "true"
		Release.AspNetCompiler.ForceOverwrite = "true"
		Release.AspNetCompiler.FixedNames = "false"
		Release.AspNetCompiler.Debug = "False"
		VWDPort = "63185"
		SlnRelativePath = "ChromebookApp\"
		DefaultWebSiteLanguage = "Visual C#"
	EndProjectSection
EndProject
Global
	GlobalSection(SolutionConfigurationPlatforms) = preSolution
		Debug|Any CPU = Debug|Any CPU
	EndGlobalSection
	GlobalSection(ProjectConfigurationPlatforms) = postSolution
		{2B1431CC-A1D8-4E83-B223-736863620A28}.Debug|Any CPU.ActiveCfg = Debug|Any CPU
		{2B1431CC-A1D8-4E83-B223-736863620A28}.Debug|Any CPU.Build.0 = Debug|Any CPU
	EndGlobalSection
	GlobalSection(SolutionProperties) = preSolution
		HideSolutionNode = FALSE
	EndGlobalSection
	GlobalSection(ExtensibilityGlobals) = postSolution
		SolutionGuid = {E8C05FCC-8104-4D0B-A103-D277C56B65F3}
	EndGlobalSection
EndGlobal
